
Microsoft Visual Studio Solution File, Format Version 12.00
# Visual Studio 15
VisualStudioVersion = 15.0.28307.168
MinimumVisualStudioVersion = 10.0.40219.1
Project("{9A19103F-16F7-4668-BE54-9A1E7A4F7556}") = "RoslynTest", "RoslynTest\RoslynTest.csproj", "{0E3DB7CB-D30B-45CC-A1AD-1A596A458791}"
EndProject
Project("{9A19103F-16F7-4668-BE54-9A1E7A4F7556}") = "NHibernate.Caches.Common", "NHibernate.Caches.Common\NHibernate.Caches.Common.csproj", "{F562CCB8-33A2-45CB-B5CF-EE66F020A0A7}"
EndProject
Project("{9A19103F-16F7-4668-BE54-9A1E7A4F7556}") = "NHibernate.Caches.StackExchangeRedis", "NHibernate.Caches.StackExchangeRedis\NHibernate.Caches.StackExchangeRedis.csproj", "{6D21C7D2-E1A4-4DFB-AB30-BB01FA6FD830}"
EndProject
Global
	GlobalSection(SolutionConfigurationPlatforms) = preSolution
		Debug|Any CPU = Debug|Any CPU
		Release|Any CPU = Release|Any CPU
	EndGlobalSection
	GlobalSection(ProjectConfigurationPlatforms) = postSolution
		{0E3DB7CB-D30B-45CC-A1AD-1A596A458791}.Debug|Any CPU.ActiveCfg = Debug|Any CPU
		{0E3DB7CB-D30B-45CC-A1AD-1A596A458791}.Debug|Any CPU.Build.0 = Debug|Any CPU
		{0E3DB7CB-D30B-45CC-A1AD-1A596A458791}.Release|Any CPU.ActiveCfg = Release|Any CPU
		{0E3DB7CB-D30B-45CC-A1AD-1A596A458791}.Release|Any CPU.Build.0 = Release|Any CPU
		{F562CCB8-33A2-45CB-B5CF-EE66F020A0A7}.Debug|Any CPU.ActiveCfg = Debug|Any CPU
		{F562CCB8-33A2-45CB-B5CF-EE66F020A0A7}.Debug|Any CPU.Build.0 = Debug|Any CPU
		{F562CCB8-33A2-45CB-B5CF-EE66F020A0A7}.Release|Any CPU.ActiveCfg = Release|Any CPU
		{F562CCB8-33A2-45CB-B5CF-EE66F020A0A7}.Release|Any CPU.Build.0 = Release|Any CPU
		{6D21C7D2-E1A4-4DFB-AB30-BB01FA6FD830}.Debug|Any CPU.ActiveCfg = Debug|Any CPU
		{6D21C7D2-E1A4-4DFB-AB30-BB01FA6FD830}.Debug|Any CPU.Build.0 = Debug|Any CPU
		{6D21C7D2-E1A4-4DFB-AB30-BB01FA6FD830}.Release|Any CPU.ActiveCfg = Release|Any CPU
		{6D21C7D2-E1A4-4DFB-AB30-BB01FA6FD830}.Release|Any CPU.Build.0 = Release|Any CPU
	EndGlobalSection
	GlobalSection(SolutionProperties) = preSolution
		HideSolutionNode = FALSE
	EndGlobalSection
	GlobalSection(ExtensibilityGlobals) = postSolution
		SolutionGuid = {8222CEF7-CBC1-4B6F-9A90-738406544747}
	EndGlobalSection
EndGlobal
